
Microsoft Visual Studio Solution File, Format Version 12.00
Project("{FAE04EC0-301F-11D3-BF4B-00C04F79EFBC}") = "TicketsStore", "TicketsStore\TicketsStore.csproj", "{196289C5-56B2-4A56-A4E4-A8AB95EDFCED}"
EndProject
Global
	GlobalSection(SolutionConfigurationPlatforms) = preSolution
		Debug|Any CPU = Debug|Any CPU
		Release|Any CPU = Release|Any CPU
	EndGlobalSection
	GlobalSection(ProjectConfigurationPlatforms) = postSolution
		{196289C5-56B2-4A56-A4E4-A8AB95EDFCED}.Debug|Any CPU.ActiveCfg = Debug|Any CPU
		{196289C5-56B2-4A56-A4E4-A8AB95EDFCED}.Debug|Any CPU.Build.0 = Debug|Any CPU
		{196289C5-56B2-4A56-A4E4-A8AB95EDFCED}.Release|Any CPU.ActiveCfg = Release|Any CPU
		{196289C5-56B2-4A56-A4E4-A8AB95EDFCED}.Release|Any CPU.Build.0 = Release|Any CPU
	EndGlobalSection
EndGlobal
