
Microsoft Visual Studio Solution File, Format Version 12.00
Project("{FAE04EC0-301F-11D3-BF4B-00C04F79EFBC}") = "fourth", "fourth\fourth.csproj", "{579989C1-5871-4926-B62C-EB5CB31CE2FF}"
EndProject
Global
	GlobalSection(SolutionConfigurationPlatforms) = preSolution
		Debug|Any CPU = Debug|Any CPU
		Release|Any CPU = Release|Any CPU
	EndGlobalSection
	GlobalSection(ProjectConfigurationPlatforms) = postSolution
		{579989C1-5871-4926-B62C-EB5CB31CE2FF}.Debug|Any CPU.ActiveCfg = Debug|Any CPU
		{579989C1-5871-4926-B62C-EB5CB31CE2FF}.Debug|Any CPU.Build.0 = Debug|Any CPU
		{579989C1-5871-4926-B62C-EB5CB31CE2FF}.Release|Any CPU.ActiveCfg = Release|Any CPU
		{579989C1-5871-4926-B62C-EB5CB31CE2FF}.Release|Any CPU.Build.0 = Release|Any CPU
	EndGlobalSection
EndGlobal
