
Microsoft Visual Studio Solution File, Format Version 12.00
Project("{FAE04EC0-301F-11D3-BF4B-00C04F79EFBC}") = "MobileStore", "MobileStore\MobileStore.csproj", "{C2119A58-AACF-4447-B7B4-17E2F72AD04C}"
EndProject
Global
	GlobalSection(SolutionConfigurationPlatforms) = preSolution
		Debug|Any CPU = Debug|Any CPU
		Release|Any CPU = Release|Any CPU
	EndGlobalSection
	GlobalSection(ProjectConfigurationPlatforms) = postSolution
		{C2119A58-AACF-4447-B7B4-17E2F72AD04C}.Debug|Any CPU.ActiveCfg = Debug|Any CPU
		{C2119A58-AACF-4447-B7B4-17E2F72AD04C}.Debug|Any CPU.Build.0 = Debug|Any CPU
		{C2119A58-AACF-4447-B7B4-17E2F72AD04C}.Release|Any CPU.ActiveCfg = Release|Any CPU
		{C2119A58-AACF-4447-B7B4-17E2F72AD04C}.Release|Any CPU.Build.0 = Release|Any CPU
	EndGlobalSection
EndGlobal
