
Microsoft Visual Studio Solution File, Format Version 12.00
# Visual Studio Version 16
VisualStudioVersion = 16.0.29326.143
MinimumVisualStudioVersion = 10.0.40219.1
Project("{FAE04EC0-301F-11D3-BF4B-00C04F79EFBC}") = "HelloWorld", "HelloWorld\HelloWorld.csproj", "{7D8312A0-91AC-4B91-BF06-BD1EFE901B0D}"
EndProject
Global
	GlobalSection(SolutionConfigurationPlatforms) = preSolution
		Debug|Any CPU = Debug|Any CPU
		Release|Any CPU = Release|Any CPU
	EndGlobalSection
	GlobalSection(ProjectConfigurationPlatforms) = postSolution
		{7D8312A0-91AC-4B91-BF06-BD1EFE901B0D}.Debug|Any CPU.ActiveCfg = Debug|Any CPU
		{7D8312A0-91AC-4B91-BF06-BD1EFE901B0D}.Debug|Any CPU.Build.0 = Debug|Any CPU
		{7D8312A0-91AC-4B91-BF06-BD1EFE901B0D}.Release|Any CPU.ActiveCfg = Release|Any CPU
		{7D8312A0-91AC-4B91-BF06-BD1EFE901B0D}.Release|Any CPU.Build.0 = Release|Any CPU
	EndGlobalSection
	GlobalSection(SolutionProperties) = preSolution
		HideSolutionNode = FALSE
	EndGlobalSection
	GlobalSection(ExtensibilityGlobals) = postSolution
		SolutionGuid = {35AD69CA-9F69-41DF-97E8-E849584AB928}
	EndGlobalSection
EndGlobal
